{
  "version": 1,
  "dependencies": {
    ".NETFramework,Version=v4.8": {
      "log4net": {
        "type": "Direct",
        "requested": "[3.3.1, )",
        "resolved": "3.3.1",
        "contentHash": "fgQ8XkqF0r4/CRfAq8xZqlPrG0/9n4rJAa1HlFGQMXtCAxbbLzXyuXCbu65NUbcKzQ9KDYr4239NNqipVRCv6A=="
      }
    },
    ".NETFramework,Version=v4.8/win": {},
    ".NETFramework,Version=v4.8/win-arm64": {},
    ".NETFramework,Version=v4.8/win-x64": {},
    ".NETFramework,Version=v4.8/win-x86": {}
  }
}