{
  "version": 1,
  "dependencies": {
    ".NETFramework,Version=v4.8.1": {
      "log4net": {
        "type": "Direct",
        "requested": "[3.4.0, )",
        "resolved": "3.4.0",
        "contentHash": "IubYl1l3vs4pZ8hRJBWjfPOW8osR1gS/FAweVYpc2n7SZ0yrZ64uMGQYjjt1nna/Hpm10IHiw4D6HSh/JFbj9w=="
      }
    },
    ".NETFramework,Version=v4.8.1/win": {},
    ".NETFramework,Version=v4.8.1/win-arm64": {},
    ".NETFramework,Version=v4.8.1/win-x64": {},
    ".NETFramework,Version=v4.8.1/win-x86": {}
  }
}